{
  "requires": true,
  "lockfileVersion": 1,
  "dependencies": {
    "iexec-poco": {
      "version": "3.0.29",
      "resolved": "https://registry.npmjs.org/iexec-poco/-/iexec-poco-3.0.29.tgz",
      "integrity": "sha512-90xn8ofDaCr2msuUTe8w7Q1LkbxnQ2OA52t9wL9xbs+5VVuQRV2LxGTuLMtJb2191A2d4nB5mbZBJQhxpTVAzg==",
      "requires": {
        "openzeppelin-solidity": "^2.2.0"
      }
    },
    "openzeppelin-solidity": {
      "version": "2.2.0",
      "resolved": "https://registry.npmjs.org/openzeppelin-solidity/-/openzeppelin-solidity-2.2.0.tgz",
      "integrity": "sha512-HfQq0xyT+EPs/lTWEd5Odu4T7CYdYe+qwf54EH28FQZthp4Bs6IWvOlOumTdS2dvpwZoTXURAopHn2LN1pwAGQ=="
    }
  }
}
