{
  "requires": true,
  "lockfileVersion": 1,
  "dependencies": {
    "iexec-poco": {
      "version": "3.0.30",
      "resolved": "https://registry.npmjs.org/iexec-poco/-/iexec-poco-3.0.30.tgz",
      "integrity": "sha512-LI15fn8zuJRgfojcVtk7M0HGeanI/5uCaYUHe645qTBG4KvG09saufzIJunf+U7FGlyNJhq7FdGSDhD32DGAYQ=="
    }
  }
}
